
Microsoft Visual Studio Solution File, Format Version 12.00
# Visual Studio Version 17
VisualStudioVersion = 17.3.32825.248
MinimumVisualStudioVersion = 10.0.40219.1
Project("{FAE04EC0-301F-11D3-BF4B-00C04F79EFBC}") = "Week13SQLiteDB", "Week13SQLiteDB\Week13SQLiteDB.csproj", "{B6F4D0C6-0EE3-460D-B4E3-D93156CD6840}"
EndProject
Global
	GlobalSection(SolutionConfigurationPlatforms) = preSolution
		Debug|Any CPU = Debug|Any CPU
		Release|Any CPU = Release|Any CPU
	EndGlobalSection
	GlobalSection(ProjectConfigurationPlatforms) = postSolution
		{B6F4D0C6-0EE3-460D-B4E3-D93156CD6840}.Debug|Any CPU.ActiveCfg = Debug|Any CPU
		{B6F4D0C6-0EE3-460D-B4E3-D93156CD6840}.Debug|Any CPU.Build.0 = Debug|Any CPU
		{B6F4D0C6-0EE3-460D-B4E3-D93156CD6840}.Release|Any CPU.ActiveCfg = Release|Any CPU
		{B6F4D0C6-0EE3-460D-B4E3-D93156CD6840}.Release|Any CPU.Build.0 = Release|Any CPU
	EndGlobalSection
	GlobalSection(SolutionProperties) = preSolution
		HideSolutionNode = FALSE
	EndGlobalSection
	GlobalSection(ExtensibilityGlobals) = postSolution
		SolutionGuid = {CBD2DCCC-B7F2-4AC8-9BCD-EFD1B78FFB28}
	EndGlobalSection
EndGlobal
